
Microsoft Visual Studio Solution File, Format Version 12.00
# Visual Studio Version 16
VisualStudioVersion = 16.0.30406.217
MinimumVisualStudioVersion = 10.0.40219.1
Project("{2150E333-8FDC-42A3-9474-1A3956D46DE8}") = "Service", "Service", "{D7CB39D6-3029-4DCC-8A8F-A8490FD123CD}"
EndProject
Project("{2150E333-8FDC-42A3-9474-1A3956D46DE8}") = "Api", "Api", "{08993B02-5FF7-4602-B807-597A802F486E}"
EndProject
Project("{2150E333-8FDC-42A3-9474-1A3956D46DE8}") = "Core", "Core", "{77E8F345-A68C-4A4F-914A-4D8E0500FDF0}"
EndProject
Project("{2150E333-8FDC-42A3-9474-1A3956D46DE8}") = "DataAccess", "DataAccess", "{CDCD3874-9330-47BA-880E-5DCB920A6BD5}"
EndProject
Project("{2150E333-8FDC-42A3-9474-1A3956D46DE8}") = "Entities", "Entities", "{BC0E24B3-BB24-4F5F-92FE-475FB4C71193}"
EndProject
Project("{2150E333-8FDC-42A3-9474-1A3956D46DE8}") = "Util", "Util", "{5B1740E0-3143-4127-A3DB-28C1A1F63854}"
EndProject
Project("{FAE04EC0-301F-11D3-BF4B-00C04F79EFBC}") = "WSPlataforma", "WSPlataforma\WSPlataforma.csproj", "{76BBE06A-E96E-45E4-B29C-76CB69063EFB}"
EndProject
Project("{FAE04EC0-301F-11D3-BF4B-00C04F79EFBC}") = "WSPlataforma.Core", "WSPlataforma.Core\WSPlataforma.Core.csproj", "{5808A0F4-3176-4B0D-B6EC-A7243BC80796}"
EndProject
Project("{FAE04EC0-301F-11D3-BF4B-00C04F79EFBC}") = "WSPlataforma.DA", "WSPlataforma.DA\WSPlataforma.DA.csproj", "{74D7B1FA-1725-440F-BA4D-E437852E3266}"
EndProject
Project("{FAE04EC0-301F-11D3-BF4B-00C04F79EFBC}") = "WSPlataforma.Entities", "WSPlataforma.Entities\WSPlataforma.Entities.csproj", "{26C6E5BD-C08E-4A56-9D40-77D295427BEB}"
EndProject
Project("{FAE04EC0-301F-11D3-BF4B-00C04F79EFBC}") = "WSPlataforma.Util", "WSPlataforma.Util\WSPlataforma.Util.csproj", "{64F24FE6-E797-4670-96F8-C85F64F5C700}"
EndProject
Project("{2150E333-8FDC-42A3-9474-1A3956D46DE8}") = "WebServices", "WebServices", "{94E540F4-D840-4F61-9B96-96DF50E18CB1}"
EndProject
Project("{FAE04EC0-301F-11D3-BF4B-00C04F79EFBC}") = "WSPlataforma.WebServices", "WSPlataforma.WebServices\WSPlataforma.WebServices.csproj", "{2EDCCECF-D6C0-4409-AF6B-2EA6A63FA625}"
EndProject
Project("{2150E333-8FDC-42A3-9474-1A3956D46DE8}") = "WindowsService", "WindowsService", "{04B054AA-0208-4C0A-86FB-B957A37DC4C5}"
EndProject
Project("{FAE04EC0-301F-11D3-BF4B-00C04F79EFBC}") = "WSPlataforma.SendNotifactionDevMente", "WSPlataforma.SendNotifactionDevMente\WSPlataforma.SendNotifactionDevMente.csproj", "{D0B67D78-A4D9-4C04-8B45-B48E6CB410E2}"
EndProject
Global
	GlobalSection(SolutionConfigurationPlatforms) = preSolution
		Debug|Any CPU = Debug|Any CPU
		Debug|x64 = Debug|x64
		Release|Any CPU = Release|Any CPU
		Release|x64 = Release|x64
	EndGlobalSection
	GlobalSection(ProjectConfigurationPlatforms) = postSolution
		{76BBE06A-E96E-45E4-B29C-76CB69063EFB}.Debug|Any CPU.ActiveCfg = Debug|Any CPU
		{76BBE06A-E96E-45E4-B29C-76CB69063EFB}.Debug|Any CPU.Build.0 = Debug|Any CPU
		{76BBE06A-E96E-45E4-B29C-76CB69063EFB}.Debug|x64.ActiveCfg = Debug|Any CPU
		{76BBE06A-E96E-45E4-B29C-76CB69063EFB}.Debug|x64.Build.0 = Debug|Any CPU
		{76BBE06A-E96E-45E4-B29C-76CB69063EFB}.Release|Any CPU.ActiveCfg = Release|Any CPU
		{76BBE06A-E96E-45E4-B29C-76CB69063EFB}.Release|Any CPU.Build.0 = Release|Any CPU
		{76BBE06A-E96E-45E4-B29C-76CB69063EFB}.Release|x64.ActiveCfg = Release|Any CPU
		{76BBE06A-E96E-45E4-B29C-76CB69063EFB}.Release|x64.Build.0 = Release|Any CPU
		{5808A0F4-3176-4B0D-B6EC-A7243BC80796}.Debug|Any CPU.ActiveCfg = Debug|Any CPU
		{5808A0F4-3176-4B0D-B6EC-A7243BC80796}.Debug|Any CPU.Build.0 = Debug|Any CPU
		{5808A0F4-3176-4B0D-B6EC-A7243BC80796}.Debug|x64.ActiveCfg = Debug|Any CPU
		{5808A0F4-3176-4B0D-B6EC-A7243BC80796}.Debug|x64.Build.0 = Debug|Any CPU
		{5808A0F4-3176-4B0D-B6EC-A7243BC80796}.Release|Any CPU.ActiveCfg = Release|Any CPU
		{5808A0F4-3176-4B0D-B6EC-A7243BC80796}.Release|Any CPU.Build.0 = Release|Any CPU
		{5808A0F4-3176-4B0D-B6EC-A7243BC80796}.Release|x64.ActiveCfg = Release|Any CPU
		{5808A0F4-3176-4B0D-B6EC-A7243BC80796}.Release|x64.Build.0 = Release|Any CPU
		{74D7B1FA-1725-440F-BA4D-E437852E3266}.Debug|Any CPU.ActiveCfg = Debug|Any CPU
		{74D7B1FA-1725-440F-BA4D-E437852E3266}.Debug|Any CPU.Build.0 = Debug|Any CPU
		{74D7B1FA-1725-440F-BA4D-E437852E3266}.Debug|x64.ActiveCfg = Debug|Any CPU
		{74D7B1FA-1725-440F-BA4D-E437852E3266}.Debug|x64.Build.0 = Debug|Any CPU
		{74D7B1FA-1725-440F-BA4D-E437852E3266}.Release|Any CPU.ActiveCfg = Release|Any CPU
		{74D7B1FA-1725-440F-BA4D-E437852E3266}.Release|Any CPU.Build.0 = Release|Any CPU
		{74D7B1FA-1725-440F-BA4D-E437852E3266}.Release|x64.ActiveCfg = Release|Any CPU
		{74D7B1FA-1725-440F-BA4D-E437852E3266}.Release|x64.Build.0 = Release|Any CPU
		{26C6E5BD-C08E-4A56-9D40-77D295427BEB}.Debug|Any CPU.ActiveCfg = Debug|Any CPU
		{26C6E5BD-C08E-4A56-9D40-77D295427BEB}.Debug|Any CPU.Build.0 = Debug|Any CPU
		{26C6E5BD-C08E-4A56-9D40-77D295427BEB}.Debug|x64.ActiveCfg = Debug|Any CPU
		{26C6E5BD-C08E-4A56-9D40-77D295427BEB}.Debug|x64.Build.0 = Debug|Any CPU
		{26C6E5BD-C08E-4A56-9D40-77D295427BEB}.Release|Any CPU.ActiveCfg = Release|Any CPU
		{26C6E5BD-C08E-4A56-9D40-77D295427BEB}.Release|Any CPU.Build.0 = Release|Any CPU
		{26C6E5BD-C08E-4A56-9D40-77D295427BEB}.Release|x64.ActiveCfg = Release|Any CPU
		{26C6E5BD-C08E-4A56-9D40-77D295427BEB}.Release|x64.Build.0 = Release|Any CPU
		{64F24FE6-E797-4670-96F8-C85F64F5C700}.Debug|Any CPU.ActiveCfg = Debug|Any CPU
		{64F24FE6-E797-4670-96F8-C85F64F5C700}.Debug|Any CPU.Build.0 = Debug|Any CPU
		{64F24FE6-E797-4670-96F8-C85F64F5C700}.Debug|x64.ActiveCfg = Debug|Any CPU
		{64F24FE6-E797-4670-96F8-C85F64F5C700}.Debug|x64.Build.0 = Debug|Any CPU
		{64F24FE6-E797-4670-96F8-C85F64F5C700}.Release|Any CPU.ActiveCfg = Release|Any CPU
		{64F24FE6-E797-4670-96F8-C85F64F5C700}.Release|Any CPU.Build.0 = Release|Any CPU
		{64F24FE6-E797-4670-96F8-C85F64F5C700}.Release|x64.ActiveCfg = Release|Any CPU
		{64F24FE6-E797-4670-96F8-C85F64F5C700}.Release|x64.Build.0 = Release|Any CPU
		{2EDCCECF-D6C0-4409-AF6B-2EA6A63FA625}.Debug|Any CPU.ActiveCfg = Debug|Any CPU
		{2EDCCECF-D6C0-4409-AF6B-2EA6A63FA625}.Debug|Any CPU.Build.0 = Debug|Any CPU
		{2EDCCECF-D6C0-4409-AF6B-2EA6A63FA625}.Debug|x64.ActiveCfg = Debug|Any CPU
		{2EDCCECF-D6C0-4409-AF6B-2EA6A63FA625}.Debug|x64.Build.0 = Debug|Any CPU
		{2EDCCECF-D6C0-4409-AF6B-2EA6A63FA625}.Release|Any CPU.ActiveCfg = Release|Any CPU
		{2EDCCECF-D6C0-4409-AF6B-2EA6A63FA625}.Release|Any CPU.Build.0 = Release|Any CPU
		{2EDCCECF-D6C0-4409-AF6B-2EA6A63FA625}.Release|x64.ActiveCfg = Release|Any CPU
		{2EDCCECF-D6C0-4409-AF6B-2EA6A63FA625}.Release|x64.Build.0 = Release|Any CPU
		{D0B67D78-A4D9-4C04-8B45-B48E6CB410E2}.Debug|Any CPU.ActiveCfg = Debug|Any CPU
		{D0B67D78-A4D9-4C04-8B45-B48E6CB410E2}.Debug|Any CPU.Build.0 = Debug|Any CPU
		{D0B67D78-A4D9-4C04-8B45-B48E6CB410E2}.Debug|x64.ActiveCfg = Debug|Any CPU
		{D0B67D78-A4D9-4C04-8B45-B48E6CB410E2}.Debug|x64.Build.0 = Debug|Any CPU
		{D0B67D78-A4D9-4C04-8B45-B48E6CB410E2}.Release|Any CPU.ActiveCfg = Release|Any CPU
		{D0B67D78-A4D9-4C04-8B45-B48E6CB410E2}.Release|Any CPU.Build.0 = Release|Any CPU
		{D0B67D78-A4D9-4C04-8B45-B48E6CB410E2}.Release|x64.ActiveCfg = Release|Any CPU
		{D0B67D78-A4D9-4C04-8B45-B48E6CB410E2}.Release|x64.Build.0 = Release|Any CPU
	EndGlobalSection
	GlobalSection(SolutionProperties) = preSolution
		HideSolutionNode = FALSE
	EndGlobalSection
	GlobalSection(NestedProjects) = preSolution
		{08993B02-5FF7-4602-B807-597A802F486E} = {D7CB39D6-3029-4DCC-8A8F-A8490FD123CD}
		{77E8F345-A68C-4A4F-914A-4D8E0500FDF0} = {D7CB39D6-3029-4DCC-8A8F-A8490FD123CD}
		{CDCD3874-9330-47BA-880E-5DCB920A6BD5} = {D7CB39D6-3029-4DCC-8A8F-A8490FD123CD}
		{BC0E24B3-BB24-4F5F-92FE-475FB4C71193} = {D7CB39D6-3029-4DCC-8A8F-A8490FD123CD}
		{5B1740E0-3143-4127-A3DB-28C1A1F63854} = {D7CB39D6-3029-4DCC-8A8F-A8490FD123CD}
		{76BBE06A-E96E-45E4-B29C-76CB69063EFB} = {08993B02-5FF7-4602-B807-597A802F486E}
		{5808A0F4-3176-4B0D-B6EC-A7243BC80796} = {77E8F345-A68C-4A4F-914A-4D8E0500FDF0}
		{74D7B1FA-1725-440F-BA4D-E437852E3266} = {CDCD3874-9330-47BA-880E-5DCB920A6BD5}
		{26C6E5BD-C08E-4A56-9D40-77D295427BEB} = {BC0E24B3-BB24-4F5F-92FE-475FB4C71193}
		{64F24FE6-E797-4670-96F8-C85F64F5C700} = {5B1740E0-3143-4127-A3DB-28C1A1F63854}
		{94E540F4-D840-4F61-9B96-96DF50E18CB1} = {D7CB39D6-3029-4DCC-8A8F-A8490FD123CD}
		{2EDCCECF-D6C0-4409-AF6B-2EA6A63FA625} = {94E540F4-D840-4F61-9B96-96DF50E18CB1}
		{D0B67D78-A4D9-4C04-8B45-B48E6CB410E2} = {04B054AA-0208-4C0A-86FB-B957A37DC4C5}
	EndGlobalSection
	GlobalSection(ExtensibilityGlobals) = postSolution
		SolutionGuid = {47BCE7C8-2EE2-4DCD-8820-8DD36534CBA7}
	EndGlobalSection
EndGlobal
